// !$*UTF8*$!
{
	archiveVersion = 1;
	classes = {
	};
	objectVersion = 50;
	objects = {

/* Begin PBXBuildFile section */
		9F8CA1A923331DEA00C710F0 /* AppDelegate.swift in Sources */ = {isa = PBXBuildFile; fileRef = 9F8CA1A823331DEA00C710F0 /* AppDelegate.swift */; };
		9F8CA1B023331DEB00C710F0 /* Assets.xcassets in Resources */ = {isa = PBXBuildFile; fileRef = 9F8CA1AF23331DEB00C710F0 /* Assets.xcassets */; };
		9F8CA1B323331DEB00C710F0 /* LaunchScreen.storyboard in Resources */ = {isa = PBXBuildFile; fileRef = 9F8CA1B123331DEB00C710F0 /* LaunchScreen.storyboard */; };
		9F8CA1BC23331F8300C710F0 /* HomeViewController.swift in Sources */ = {isa = PBXBuildFile; fileRef = 9F8CA1BA23331F8300C710F0 /* HomeViewController.swift */; };
		9F8CA1BD23331F8300C710F0 /* HomeViewController.xib in Resources */ = {isa = PBXBuildFile; fileRef = 9F8CA1BB23331F8300C710F0 /* HomeViewController.xib */; };
		9F8CA1C02333230A00C710F0 /* BreedsNameCell.swift in Sources */ = {isa = PBXBuildFile; fileRef = 9F8CA1BE2333230A00C710F0 /* BreedsNameCell.swift */; };
		9F8CA1C12333230A00C710F0 /* BreedsNameCell.xib in Resources */ = {isa = PBXBuildFile; fileRef = 9F8CA1BF2333230A00C710F0 /* BreedsNameCell.xib */; };
/* End PBXBuildFile section */

/* Begin PBXFileReference section */
		9F8CA1A523331DEA00C710F0 /* dogs_breeds.app */ = {isa = PBXFileReference; explicitFileType = wrapper.application; includeInIndex = 0; path = dogs_breeds.app; sourceTree = BUILT_PRODUCTS_DIR; };
		9F8CA1A823331DEA00C710F0 /* AppDelegate.swift */ = {isa = PBXFileReference; lastKnownFileType = sourcecode.swift; path = AppDelegate.swift; sourceTree = "<group>"; };
		9F8CA1AF23331DEB00C710F0 /* Assets.xcassets */ = {isa = PBXFileReference; lastKnownFileType = folder.assetcatalog; path = Assets.xcassets; sourceTree = "<group>"; };
		9F8CA1B223331DEB00C710F0 /* Base */ = {isa = PBXFileReference; lastKnownFileType = file.storyboard; name = Base; path = Base.lproj/LaunchScreen.storyboard; sourceTree = "<group>"; };
		9F8CA1B423331DEB00C710F0 /* Info.plist */ = {isa = PBXFileReference; lastKnownFileType = text.plist.xml; path = Info.plist; sourceTree = "<group>"; };
		9F8CA1BA23331F8300C710F0 /* HomeViewController.swift */ = {isa = PBXFileReference; lastKnownFileType = sourcecode.swift; path = HomeViewController.swift; sourceTree = "<group>"; };
		9F8CA1BB23331F8300C710F0 /* HomeViewController.xib */ = {isa = PBXFileReference; lastKnownFileType = file.xib; path = HomeViewController.xib; sourceTree = "<group>"; };
		9F8CA1BE2333230A00C710F0 /* BreedsNameCell.swift */ = {isa = PBXFileReference; lastKnownFileType = sourcecode.swift; path = BreedsNameCell.swift; sourceTree = "<group>"; };
		9F8CA1BF2333230A00C710F0 /* BreedsNameCell.xib */ = {isa = PBXFileReference; lastKnownFileType = file.xib; path = BreedsNameCell.xib; sourceTree = "<group>"; };
/* End PBXFileReference section */

/* Begin PBXFrameworksBuildPhase section */
		9F8CA1A223331DEA00C710F0 /* Frameworks */ = {
			isa = PBXFrameworksBuildPhase;
			buildActionMask = 2147483647;
			files = (
			);
			runOnlyForDeploymentPostprocessing = 0;
		};
/* End PBXFrameworksBuildPhase section */

/* Begin PBXGroup section */
		9F8CA19C23331DE900C710F0 = {
			isa = PBXGroup;
			children = (
				9F8CA1A723331DEA00C710F0 /* dogs_breeds */,
				9F8CA1A623331DEA00C710F0 /* Products */,
			);
			sourceTree = "<group>";
		};
		9F8CA1A623331DEA00C710F0 /* Products */ = {
			isa = PBXGroup;
			children = (
				9F8CA1A523331DEA00C710F0 /* dogs_breeds.app */,
			);
			name = Products;
			sourceTree = "<group>";
		};
		9F8CA1A723331DEA00C710F0 /* dogs_breeds */ = {
			isa = PBXGroup;
			children = (
				9F8CA1A823331DEA00C710F0 /* AppDelegate.swift */,
				9F8CA1AF23331DEB00C710F0 /* Assets.xcassets */,
				9F8CA1B123331DEB00C710F0 /* LaunchScreen.storyboard */,
				9F8CA1B423331DEB00C710F0 /* Info.plist */,
				9F8CA1BA23331F8300C710F0 /* HomeViewController.swift */,
				9F8CA1BB23331F8300C710F0 /* HomeViewController.xib */,
				9F8CA1BE2333230A00C710F0 /* BreedsNameCell.swift */,
				9F8CA1BF2333230A00C710F0 /* BreedsNameCell.xib */,
			);
			path = dogs_breeds;
			sourceTree = "<group>";
		};
/* End PBXGroup section */

/* Begin PBXNativeTarget section */
		9F8CA1A423331DEA00C710F0 /* dogs_breeds */ = {
			isa = PBXNativeTarget;
			buildConfigurationList = 9F8CA1B723331DEB00C710F0 /* Build configuration list for PBXNativeTarget "dogs_breeds" */;
			buildPhases = (
				9F8CA1A123331DEA00C710F0 /* Sources */,
				9F8CA1A223331DEA00C710F0 /* Frameworks */,
				9F8CA1A323331DEA00C710F0 /* Resources */,
			);
			buildRules = (
			);
			dependencies = (
			);
			name = dogs_breeds;
			productName = dogs_breeds;
			productReference = 9F8CA1A523331DEA00C710F0 /* dogs_breeds.app */;
			productType = "com.apple.product-type.application";
		};
/* End PBXNativeTarget section */

/* Begin PBXProject section */
		9F8CA19D23331DE900C710F0 /* Project object */ = {
			isa = PBXProject;
			attributes = {
				LastSwiftUpdateCheck = 1000;
				LastUpgradeCheck = 1000;
				ORGANIZATIONNAME = Danilo;
				TargetAttributes = {
					9F8CA1A423331DEA00C710F0 = {
						CreatedOnToolsVersion = 10.0;
					};
				};
			};
			buildConfigurationList = 9F8CA1A023331DE900C710F0 /* Build configuration list for PBXProject "dogs_breeds" */;
			compatibilityVersion = "Xcode 9.3";
			developmentRegion = en;
			hasScannedForEncodings = 0;
			knownRegions = (
				en,
				Base,
			);
			mainGroup = 9F8CA19C23331DE900C710F0;
			productRefGroup = 9F8CA1A623331DEA00C710F0 /* Products */;
			projectDirPath = "";
			projectRoot = "";
			targets = (
				9F8CA1A423331DEA00C710F0 /* dogs_breeds */,
			);
		};
/* End PBXProject section */

/* Begin PBXResourcesBuildPhase section */
		9F8CA1A323331DEA00C710F0 /* Resources */ = {
			isa = PBXResourcesBuildPhase;
			buildActionMask = 2147483647;
			files = (
				9F8CA1B323331DEB00C710F0 /* LaunchScreen.storyboard in Resources */,
				9F8CA1B023331DEB00C710F0 /* Assets.xcassets in Resources */,
				9F8CA1C12333230A00C710F0 /* BreedsNameCell.xib in Resources */,
				9F8CA1BD23331F8300C710F0 /* HomeViewController.xib in Resources */,
			);
			runOnlyForDeploymentPostprocessing = 0;
		};
/* End PBXResourcesBuildPhase section */

/* Begin PBXSourcesBuildPhase section */
		9F8CA1A123331DEA00C710F0 /* Sources */ = {
			isa = PBXSourcesBuildPhase;
			buildActionMask = 2147483647;
			files = (
				9F8CA1C02333230A00C710F0 /* BreedsNameCell.swift in Sources */,
				9F8CA1A923331DEA00C710F0 /* AppDelegate.swift in Sources */,
				9F8CA1BC23331F8300C710F0 /* HomeViewController.swift in Sources */,
			);
			runOnlyForDeploymentPostprocessing = 0;
		};
/* End PBXSourcesBuildPhase section */

/* Begin PBXVariantGroup section */
		9F8CA1B123331DEB00C710F0 /* LaunchScreen.storyboard */ = {
			isa = PBXVariantGroup;
			children = (
				9F8CA1B223331DEB00C710F0 /* Base */,
			);
			name = LaunchScreen.storyboard;
			sourceTree = "<group>";
		};
/* End PBXVariantGroup section */

/* Begin XCBuildConfiguration section */
		9F8CA1B523331DEB00C710F0 /* Debug */ = {
			isa = XCBuildConfiguration;
			buildSettings = {
				ALWAYS_SEARCH_USER_PATHS = NO;
				CLANG_ANALYZER_NONNULL = YES;
				CLANG_ANALYZER_NUMBER_OBJECT_CONVERSION = YES_AGGRESSIVE;
				CLANG_CXX_LANGUAGE_STANDARD = "gnu++14";
				CLANG_CXX_LIBRARY = "libc++";
				CLANG_ENABLE_MODULES = YES;
				CLANG_ENABLE_OBJC_ARC = YES;
				CLANG_ENABLE_OBJC_WEAK = YES;
				CLANG_WARN_BLOCK_CAPTURE_AUTORELEASING = YES;
				CLANG_WARN_BOOL_CONVERSION = YES;
				CLANG_WARN_COMMA = YES;
				CLANG_WARN_CONSTANT_CONVERSION = YES;
				CLANG_WARN_DEPRECATED_OBJC_IMPLEMENTATIONS = YES;
				CLANG_WARN_DIRECT_OBJC_ISA_USAGE = YES_ERROR;
				CLANG_WARN_DOCUMENTATION_COMMENTS = YES;
				CLANG_WARN_EMPTY_BODY = YES;
				CLANG_WARN_ENUM_CONVERSION = YES;
				CLANG_WARN_INFINITE_RECURSION = YES;
				CLANG_WARN_INT_CONVERSION = YES;
				CLANG_WARN_NON_LITERAL_NULL_CONVERSION = YES;
				CLANG_WARN_OBJC_IMPLICIT_RETAIN_SELF = YES;
				CLANG_WARN_OBJC_LITERAL_CONVERSION = YES;
				CLANG_WARN_OBJC_ROOT_CLASS = YES_ERROR;
				CLANG_WARN_RANGE_LOOP_ANALYSIS = YES;
				CLANG_WARN_STRICT_PROTOTYPES = YES;
				CLANG_WARN_SUSPICIOUS_MOVE = YES;
				CLANG_WARN_UNGUARDED_AVAILABILITY = YES_AGGRESSIVE;
				CLANG_WARN_UNREACHABLE_CODE = YES;
				CLANG_WARN__DUPLICATE_METHOD_MATCH = YES;
				CODE_SIGN_IDENTITY = "iPhone Developer";
				COPY_PHASE_STRIP = NO;
				DEBUG_INFORMATION_FORMAT = dwarf;
				ENABLE_STRICT_OBJC_MSGSEND = YES;
				ENABLE_TESTABILITY = YES;
				GCC_C_LANGUAGE_STANDARD = gnu11;
				GCC_DYNAMIC_NO_PIC = NO;
				GCC_NO_COMMON_BLOCKS = YES;
				GCC_OPTIMIZATION_LEVEL = 0;
				GCC_PREPROCESSOR_DEFINITIONS = (
					"DEBUG=1",
					"$(inherited)",
				);
				GCC_WARN_64_TO_32_BIT_CONVERSION = YES;
				GCC_WARN_ABOUT_RETURN_TYPE = YES_ERROR;
				GCC_WARN_UNDECLARED_SELECTOR = YES;
				GCC_WARN_UNINITIALIZED_AUTOS = YES_AGGRESSIVE;
				GCC_WARN_UNUSED_FUNCTION = YES;
				GCC_WARN_UNUSED_VARIABLE = YES;
				IPHONEOS_DEPLOYMENT_TARGET = 12.0;
				MTL_ENABLE_DEBUG_INFO = INCLUDE_SOURCE;
				MTL_FAST_MATH = YES;
				ONLY_ACTIVE_ARCH = YES;
				SDKROOT = iphoneos;
				SWIFT_ACTIVE_COMPILATION_CONDITIONS = DEBUG;
				SWIFT_OPTIMIZATION_LEVEL = "-Onone";
			};
			name = Debug;
		};
		9F8CA1B623331DEB00C710F0 /* Release */ = {
			isa = XCBuildConfiguration;
			buildSettings = {
				ALWAYS_SEARCH_USER_PATHS = NO;
				CLANG_ANALYZER_NONNULL = YES;
				CLANG_ANALYZER_NUMBER_OBJECT_CONVERSION = YES_AGGRESSIVE;
				CLANG_CXX_LANGUAGE_STANDARD = "gnu++14";
				CLANG_CXX_LIBRARY = "libc++";
				CLANG_ENABLE_MODULES = YES;
				CLANG_ENABLE_OBJC_ARC = YES;
				CLANG_ENABLE_OBJC_WEAK = YES;
				CLANG_WARN_BLOCK_CAPTURE_AUTORELEASING = YES;
				CLANG_WARN_BOOL_CONVERSION = YES;
				CLANG_WARN_COMMA = YES;
				CLANG_WARN_CONSTANT_CONVERSION = YES;
				CLANG_WARN_DEPRECATED_OBJC_IMPLEMENTATIONS = YES;
				CLANG_WARN_DIRECT_OBJC_ISA_USAGE = YES_ERROR;
				CLANG_WARN_DOCUMENTATION_COMMENTS = YES;
				CLANG_WARN_EMPTY_BODY = YES;
				CLANG_WARN_ENUM_CONVERSION = YES;
				CLANG_WARN_INFINITE_RECURSION = YES;
				CLANG_WARN_INT_CONVERSION = YES;
				CLANG_WARN_NON_LITERAL_NULL_CONVERSION = YES;
				CLANG_WARN_OBJC_IMPLICIT_RETAIN_SELF = YES;
				CLANG_WARN_OBJC_LITERAL_CONVERSION = YES;
				CLANG_WARN_OBJC_ROOT_CLASS = YES_ERROR;
				CLANG_WARN_RANGE_LOOP_ANALYSIS = YES;
				CLANG_WARN_STRICT_PROTOTYPES = YES;
				CLANG_WARN_SUSPICIOUS_MOVE = YES;
				CLANG_WARN_UNGUARDED_AVAILABILITY = YES_AGGRESSIVE;
				CLANG_WARN_UNREACHABLE_CODE = YES;
				CLANG_WARN__DUPLICATE_METHOD_MATCH = YES;
				CODE_SIGN_IDENTITY = "iPhone Developer";
				COPY_PHASE_STRIP = NO;
				DEBUG_INFORMATION_FORMAT = "dwarf-with-dsym";
				ENABLE_NS_ASSERTIONS = NO;
				ENABLE_STRICT_OBJC_MSGSEND = YES;
				GCC_C_LANGUAGE_STANDARD = gnu11;
				GCC_NO_COMMON_BLOCKS = YES;
				GCC_WARN_64_TO_32_BIT_CONVERSION = YES;
				GCC_WARN_ABOUT_RETURN_TYPE = YES_ERROR;
				GCC_WARN_UNDECLARED_SELECTOR = YES;
				GCC_WARN_UNINITIALIZED_AUTOS = YES_AGGRESSIVE;
				GCC_WARN_UNUSED_FUNCTION = YES;
				GCC_WARN_UNUSED_VARIABLE = YES;
				IPHONEOS_DEPLOYMENT_TARGET = 12.0;
				MTL_ENABLE_DEBUG_INFO = NO;
				MTL_FAST_MATH = YES;
				SDKROOT = iphoneos;
				SWIFT_COMPILATION_MODE = wholemodule;
				SWIFT_OPTIMIZATION_LEVEL = "-O";
				VALIDATE_PRODUCT = YES;
			};
			name = Release;
		};
		9F8CA1B823331DEB00C710F0 /* Debug */ = {
			isa = XCBuildConfiguration;
			buildSettings = {
				ASSETCATALOG_COMPILER_APPICON_NAME = AppIcon;
				CODE_SIGN_STYLE = Automatic;
				INFOPLIST_FILE = dogs_breeds/Info.plist;
				LD_RUNPATH_SEARCH_PATHS = (
					"$(inherited)",
					"@executable_path/Frameworks",
				);
				PRODUCT_BUNDLE_IDENTIFIER = "danilo.dogs-breeds";
				PRODUCT_NAME = "$(TARGET_NAME)";
				SWIFT_VERSION = 4.2;
				TARGETED_DEVICE_FAMILY = "1,2";
			};
			name = Debug;
		};
		9F8CA1B923331DEB00C710F0 /* Release */ = {
			isa = XCBuildConfiguration;
			buildSettings = {
				ASSETCATALOG_COMPILER_APPICON_NAME = AppIcon;
				CODE_SIGN_STYLE = Automatic;
				INFOPLIST_FILE = dogs_breeds/Info.plist;
				LD_RUNPATH_SEARCH_PATHS = (
					"$(inherited)",
					"@executable_path/Frameworks",
				);
				PRODUCT_BUNDLE_IDENTIFIER = "danilo.dogs-breeds";
				PRODUCT_NAME = "$(TARGET_NAME)";
				SWIFT_VERSION = 4.2;
				TARGETED_DEVICE_FAMILY = "1,2";
			};
			name = Release;
		};
/* End XCBuildConfiguration section */

/* Begin XCConfigurationList section */
		9F8CA1A023331DE900C710F0 /* Build configuration list for PBXProject "dogs_breeds" */ = {
			isa = XCConfigurationList;
			buildConfigurations = (
				9F8CA1B523331DEB00C710F0 /* Debug */,
				9F8CA1B623331DEB00C710F0 /* Release */,
			);
			defaultConfigurationIsVisible = 0;
			defaultConfigurationName = Release;
		};
		9F8CA1B723331DEB00C710F0 /* Build configuration list for PBXNativeTarget "dogs_breeds" */ = {
			isa = XCConfigurationList;
			buildConfigurations = (
				9F8CA1B823331DEB00C710F0 /* Debug */,
				9F8CA1B923331DEB00C710F0 /* Release */,
			);
			defaultConfigurationIsVisible = 0;
			defaultConfigurationName = Release;
		};
/* End XCConfigurationList section */
	};
	rootObject = 9F8CA19D23331DE900C710F0 /* Project object */;
}
